// !$*UTF8*$!
{
	archiveVersion = 1;
	classes = {
	};
	objectVersion = 56;
	objects = {

/* Begin PBXBuildFile section */
		1991664B2CDBAA8400BE5536 /* MovieTableViewCell.xib in Resources */ = {isa = PBXBuildFile; fileRef = 1991664A2CDBAA8400BE5536 /* MovieTableViewCell.xib */; };
		1991664C2CDBAA8400BE5536 /* MovieTableViewCell.swift in Sources */ = {isa = PBXBuildFile; fileRef = 199166492CDBAA8400BE5536 /* MovieTableViewCell.swift */; };
		199166502CDBBB8300BE5536 /* MovieDetailsPage.swift in Sources */ = {isa = PBXBuildFile; fileRef = 1991664F2CDBBB8300BE5536 /* MovieDetailsPage.swift */; };
		1995CFBF2CDA8A540060D906 /* AppDelegate.swift in Sources */ = {isa = PBXBuildFile; fileRef = 1995CFBE2CDA8A540060D906 /* AppDelegate.swift */; };
		1995CFC12CDA8A540060D906 /* SceneDelegate.swift in Sources */ = {isa = PBXBuildFile; fileRef = 1995CFC02CDA8A540060D906 /* SceneDelegate.swift */; };
		1995CFC32CDA8A540060D906 /* ViewController.swift in Sources */ = {isa = PBXBuildFile; fileRef = 1995CFC22CDA8A540060D906 /* ViewController.swift */; };
		1995CFC62CDA8A540060D906 /* Base in Resources */ = {isa = PBXBuildFile; fileRef = 1995CFC52CDA8A540060D906 /* Base */; };
		1995CFC82CDA8A560060D906 /* Assets.xcassets in Resources */ = {isa = PBXBuildFile; fileRef = 1995CFC72CDA8A560060D906 /* Assets.xcassets */; };
		1995CFCB2CDA8A560060D906 /* Base in Resources */ = {isa = PBXBuildFile; fileRef = 1995CFCA2CDA8A560060D906 /* Base */; };
		1995CFD32CDA8C820060D906 /* itemMovie.swift in Sources */ = {isa = PBXBuildFile; fileRef = 1995CFD22CDA8C820060D906 /* itemMovie.swift */; };
		1995CFD52CDA905A0060D906 /* itemMovieList.swift in Sources */ = {isa = PBXBuildFile; fileRef = 1995CFD42CDA905A0060D906 /* itemMovieList.swift */; };
/* End PBXBuildFile section */

/* Begin PBXFileReference section */
		199166492CDBAA8400BE5536 /* MovieTableViewCell.swift */ = {isa = PBXFileReference; lastKnownFileType = sourcecode.swift; path = MovieTableViewCell.swift; sourceTree = "<group>"; };
		1991664A2CDBAA8400BE5536 /* MovieTableViewCell.xib */ = {isa = PBXFileReference; lastKnownFileType = file.xib; path = MovieTableViewCell.xib; sourceTree = "<group>"; };
		1991664F2CDBBB8300BE5536 /* MovieDetailsPage.swift */ = {isa = PBXFileReference; lastKnownFileType = sourcecode.swift; path = MovieDetailsPage.swift; sourceTree = "<group>"; };
		1995CFBB2CDA8A540060D906 /* FavoriteMoviesSimpleApp.app */ = {isa = PBXFileReference; explicitFileType = wrapper.application; includeInIndex = 0; path = FavoriteMoviesSimpleApp.app; sourceTree = BUILT_PRODUCTS_DIR; };
		1995CFBE2CDA8A540060D906 /* AppDelegate.swift */ = {isa = PBXFileReference; lastKnownFileType = sourcecode.swift; path = AppDelegate.swift; sourceTree = "<group>"; };
		1995CFC02CDA8A540060D906 /* SceneDelegate.swift */ = {isa = PBXFileReference; lastKnownFileType = sourcecode.swift; path = SceneDelegate.swift; sourceTree = "<group>"; };
		1995CFC22CDA8A540060D906 /* ViewController.swift */ = {isa = PBXFileReference; lastKnownFileType = sourcecode.swift; path = ViewController.swift; sourceTree = "<group>"; };
		1995CFC52CDA8A540060D906 /* Base */ = {isa = PBXFileReference; lastKnownFileType = file.storyboard; name = Base; path = Base.lproj/Main.storyboard; sourceTree = "<group>"; };
		1995CFC72CDA8A560060D906 /* Assets.xcassets */ = {isa = PBXFileReference; lastKnownFileType = folder.assetcatalog; path = Assets.xcassets; sourceTree = "<group>"; };
		1995CFCA2CDA8A560060D906 /* Base */ = {isa = PBXFileReference; lastKnownFileType = file.storyboard; name = Base; path = Base.lproj/LaunchScreen.storyboard; sourceTree = "<group>"; };
		1995CFCC2CDA8A560060D906 /* Info.plist */ = {isa = PBXFileReference; lastKnownFileType = text.plist.xml; path = Info.plist; sourceTree = "<group>"; };
		1995CFD22CDA8C820060D906 /* itemMovie.swift */ = {isa = PBXFileReference; lastKnownFileType = sourcecode.swift; path = itemMovie.swift; sourceTree = "<group>"; };
		1995CFD42CDA905A0060D906 /* itemMovieList.swift */ = {isa = PBXFileReference; lastKnownFileType = sourcecode.swift; path = itemMovieList.swift; sourceTree = "<group>"; };
/* End PBXFileReference section */

/* Begin PBXFrameworksBuildPhase section */
		1995CFB82CDA8A540060D906 /* Frameworks */ = {
			isa = PBXFrameworksBuildPhase;
			buildActionMask = 2147483647;
			files = (
			);
			runOnlyForDeploymentPostprocessing = 0;
		};
/* End PBXFrameworksBuildPhase section */

/* Begin PBXGroup section */
		1995CFB22CDA8A540060D906 = {
			isa = PBXGroup;
			children = (
				1995CFBD2CDA8A540060D906 /* FavoriteMoviesSimpleApp */,
				1995CFBC2CDA8A540060D906 /* Products */,
			);
			sourceTree = "<group>";
		};
		1995CFBC2CDA8A540060D906 /* Products */ = {
			isa = PBXGroup;
			children = (
				1995CFBB2CDA8A540060D906 /* FavoriteMoviesSimpleApp.app */,
			);
			name = Products;
			sourceTree = "<group>";
		};
		1995CFBD2CDA8A540060D906 /* FavoriteMoviesSimpleApp */ = {
			isa = PBXGroup;
			children = (
				1995CFBE2CDA8A540060D906 /* AppDelegate.swift */,
				1995CFC02CDA8A540060D906 /* SceneDelegate.swift */,
				1995CFC22CDA8A540060D906 /* ViewController.swift */,
				199166492CDBAA8400BE5536 /* MovieTableViewCell.swift */,
				1991664A2CDBAA8400BE5536 /* MovieTableViewCell.xib */,
				1995CFD22CDA8C820060D906 /* itemMovie.swift */,
				1995CFD42CDA905A0060D906 /* itemMovieList.swift */,
				1995CFC42CDA8A540060D906 /* Main.storyboard */,
				1991664F2CDBBB8300BE5536 /* MovieDetailsPage.swift */,
				1995CFC72CDA8A560060D906 /* Assets.xcassets */,
				1995CFC92CDA8A560060D906 /* LaunchScreen.storyboard */,
				1995CFCC2CDA8A560060D906 /* Info.plist */,
			);
			path = FavoriteMoviesSimpleApp;
			sourceTree = "<group>";
		};
/* End PBXGroup section */

/* Begin PBXNativeTarget section */
		1995CFBA2CDA8A540060D906 /* FavoriteMoviesSimpleApp */ = {
			isa = PBXNativeTarget;
			buildConfigurationList = 1995CFCF2CDA8A560060D906 /* Build configuration list for PBXNativeTarget "FavoriteMoviesSimpleApp" */;
			buildPhases = (
				1995CFB72CDA8A540060D906 /* Sources */,
				1995CFB82CDA8A540060D906 /* Frameworks */,
				1995CFB92CDA8A540060D906 /* Resources */,
			);
			buildRules = (
			);
			dependencies = (
			);
			name = FavoriteMoviesSimpleApp;
			productName = FavoriteMoviesSimpleApp;
			productReference = 1995CFBB2CDA8A540060D906 /* FavoriteMoviesSimpleApp.app */;
			productType = "com.apple.product-type.application";
		};
/* End PBXNativeTarget section */

/* Begin PBXProject section */
		1995CFB32CDA8A540060D906 /* Project object */ = {
			isa = PBXProject;
			attributes = {
				BuildIndependentTargetsInParallel = 1;
				LastSwiftUpdateCheck = 1540;
				LastUpgradeCheck = 1540;
				TargetAttributes = {
					1995CFBA2CDA8A540060D906 = {
						CreatedOnToolsVersion = 15.4;
					};
				};
			};
			buildConfigurationList = 1995CFB62CDA8A540060D906 /* Build configuration list for PBXProject "FavoriteMoviesSimpleApp" */;
			compatibilityVersion = "Xcode 14.0";
			developmentRegion = en;
			hasScannedForEncodings = 0;
			knownRegions = (
				en,
				Base,
			);
			mainGroup = 1995CFB22CDA8A540060D906;
			productRefGroup = 1995CFBC2CDA8A540060D906 /* Products */;
			projectDirPath = "";
			projectRoot = "";
			targets = (
				1995CFBA2CDA8A540060D906 /* FavoriteMoviesSimpleApp */,
			);
		};
/* End PBXProject section */

/* Begin PBXResourcesBuildPhase section */
		1995CFB92CDA8A540060D906 /* Resources */ = {
			isa = PBXResourcesBuildPhase;
			buildActionMask = 2147483647;
			files = (
				1995CFC82CDA8A560060D906 /* Assets.xcassets in Resources */,
				1995CFCB2CDA8A560060D906 /* Base in Resources */,
				1991664B2CDBAA8400BE5536 /* MovieTableViewCell.xib in Resources */,
				1995CFC62CDA8A540060D906 /* Base in Resources */,
			);
			runOnlyForDeploymentPostprocessing = 0;
		};
/* End PBXResourcesBuildPhase section */

/* Begin PBXSourcesBuildPhase section */
		1995CFB72CDA8A540060D906 /* Sources */ = {
			isa = PBXSourcesBuildPhase;
			buildActionMask = 2147483647;
			files = (
				1995CFC32CDA8A540060D906 /* ViewController.swift in Sources */,
				1995CFD52CDA905A0060D906 /* itemMovieList.swift in Sources */,
				1991664C2CDBAA8400BE5536 /* MovieTableViewCell.swift in Sources */,
				1995CFD32CDA8C820060D906 /* itemMovie.swift in Sources */,
				1995CFBF2CDA8A540060D906 /* AppDelegate.swift in Sources */,
				1995CFC12CDA8A540060D906 /* SceneDelegate.swift in Sources */,
				199166502CDBBB8300BE5536 /* MovieDetailsPage.swift in Sources */,
			);
			runOnlyForDeploymentPostprocessing = 0;
		};
/* End PBXSourcesBuildPhase section */

/* Begin PBXVariantGroup section */
		1995CFC42CDA8A540060D906 /* Main.storyboard */ = {
			isa = PBXVariantGroup;
			children = (
				1995CFC52CDA8A540060D906 /* Base */,
			);
			name = Main.storyboard;
			sourceTree = "<group>";
		};
		1995CFC92CDA8A560060D906 /* LaunchScreen.storyboard */ = {
			isa = PBXVariantGroup;
			children = (
				1995CFCA2CDA8A560060D906 /* Base */,
			);
			name = LaunchScreen.storyboard;
			sourceTree = "<group>";
		};
/* End PBXVariantGroup section */

/* Begin XCBuildConfiguration section */
		1995CFCD2CDA8A560060D906 /* Debug */ = {
			isa = XCBuildConfiguration;
			buildSettings = {
				ALWAYS_SEARCH_USER_PATHS = NO;
				ASSETCATALOG_COMPILER_GENERATE_SWIFT_ASSET_SYMBOL_EXTENSIONS = YES;
				CLANG_ANALYZER_NONNULL = YES;
				CLANG_ANALYZER_NUMBER_OBJECT_CONVERSION = YES_AGGRESSIVE;
				CLANG_CXX_LANGUAGE_STANDARD = "gnu++20";
				CLANG_ENABLE_MODULES = YES;
				CLANG_ENABLE_OBJC_ARC = YES;
				CLANG_ENABLE_OBJC_WEAK = YES;
				CLANG_WARN_BLOCK_CAPTURE_AUTORELEASING = YES;
				CLANG_WARN_BOOL_CONVERSION = YES;
				CLANG_WARN_COMMA = YES;
				CLANG_WARN_CONSTANT_CONVERSION = YES;
				CLANG_WARN_DEPRECATED_OBJC_IMPLEMENTATIONS = YES;
				CLANG_WARN_DIRECT_OBJC_ISA_USAGE = YES_ERROR;
				CLANG_WARN_DOCUMENTATION_COMMENTS = YES;
				CLANG_WARN_EMPTY_BODY = YES;
				CLANG_WARN_ENUM_CONVERSION = YES;
				CLANG_WARN_INFINITE_RECURSION = YES;
				CLANG_WARN_INT_CONVERSION = YES;
				CLANG_WARN_NON_LITERAL_NULL_CONVERSION = YES;
				CLANG_WARN_OBJC_IMPLICIT_RETAIN_SELF = YES;
				CLANG_WARN_OBJC_LITERAL_CONVERSION = YES;
				CLANG_WARN_OBJC_ROOT_CLASS = YES_ERROR;
				CLANG_WARN_QUOTED_INCLUDE_IN_FRAMEWORK_HEADER = YES;
				CLANG_WARN_RANGE_LOOP_ANALYSIS = YES;
				CLANG_WARN_STRICT_PROTOTYPES = YES;
				CLANG_WARN_SUSPICIOUS_MOVE = YES;
				CLANG_WARN_UNGUARDED_AVAILABILITY = YES_AGGRESSIVE;
				CLANG_WARN_UNREACHABLE_CODE = YES;
				CLANG_WARN__DUPLICATE_METHOD_MATCH = YES;
				COPY_PHASE_STRIP = NO;
				DEBUG_INFORMATION_FORMAT = dwarf;
				ENABLE_STRICT_OBJC_MSGSEND = YES;
				ENABLE_TESTABILITY = YES;
				ENABLE_USER_SCRIPT_SANDBOXING = YES;
				GCC_C_LANGUAGE_STANDARD = gnu17;
				GCC_DYNAMIC_NO_PIC = NO;
				GCC_NO_COMMON_BLOCKS = YES;
				GCC_OPTIMIZATION_LEVEL = 0;
				GCC_PREPROCESSOR_DEFINITIONS = (
					"DEBUG=1",
					"$(inherited)",
				);
				GCC_WARN_64_TO_32_BIT_CONVERSION = YES;
				GCC_WARN_ABOUT_RETURN_TYPE = YES_ERROR;
				GCC_WARN_UNDECLARED_SELECTOR = YES;
				GCC_WARN_UNINITIALIZED_AUTOS = YES_AGGRESSIVE;
				GCC_WARN_UNUSED_FUNCTION = YES;
				GCC_WARN_UNUSED_VARIABLE = YES;
				IPHONEOS_DEPLOYMENT_TARGET = 17.5;
				LOCALIZATION_PREFERS_STRING_CATALOGS = YES;
				MTL_ENABLE_DEBUG_INFO = INCLUDE_SOURCE;
				MTL_FAST_MATH = YES;
				ONLY_ACTIVE_ARCH = YES;
				SDKROOT = iphoneos;
				SWIFT_ACTIVE_COMPILATION_CONDITIONS = "DEBUG $(inherited)";
				SWIFT_OPTIMIZATION_LEVEL = "-Onone";
			};
			name = Debug;
		};
		1995CFCE2CDA8A560060D906 /* Release */ = {
			isa = XCBuildConfiguration;
			buildSettings = {
				ALWAYS_SEARCH_USER_PATHS = NO;
				ASSETCATALOG_COMPILER_GENERATE_SWIFT_ASSET_SYMBOL_EXTENSIONS = YES;
				CLANG_ANALYZER_NONNULL = YES;
				CLANG_ANALYZER_NUMBER_OBJECT_CONVERSION = YES_AGGRESSIVE;
				CLANG_CXX_LANGUAGE_STANDARD = "gnu++20";
				CLANG_ENABLE_MODULES = YES;
				CLANG_ENABLE_OBJC_ARC = YES;
				CLANG_ENABLE_OBJC_WEAK = YES;
				CLANG_WARN_BLOCK_CAPTURE_AUTORELEASING = YES;
				CLANG_WARN_BOOL_CONVERSION = YES;
				CLANG_WARN_COMMA = YES;
				CLANG_WARN_CONSTANT_CONVERSION = YES;
				CLANG_WARN_DEPRECATED_OBJC_IMPLEMENTATIONS = YES;
				CLANG_WARN_DIRECT_OBJC_ISA_USAGE = YES_ERROR;
				CLANG_WARN_DOCUMENTATION_COMMENTS = YES;
				CLANG_WARN_EMPTY_BODY = YES;
				CLANG_WARN_ENUM_CONVERSION = YES;
				CLANG_WARN_INFINITE_RECURSION = YES;
				CLANG_WARN_INT_CONVERSION = YES;
				CLANG_WARN_NON_LITERAL_NULL_CONVERSION = YES;
				CLANG_WARN_OBJC_IMPLICIT_RETAIN_SELF = YES;
				CLANG_WARN_OBJC_LITERAL_CONVERSION = YES;
				CLANG_WARN_OBJC_ROOT_CLASS = YES_ERROR;
				CLANG_WARN_QUOTED_INCLUDE_IN_FRAMEWORK_HEADER = YES;
				CLANG_WARN_RANGE_LOOP_ANALYSIS = YES;
				CLANG_WARN_STRICT_PROTOTYPES = YES;
				CLANG_WARN_SUSPICIOUS_MOVE = YES;
				CLANG_WARN_UNGUARDED_AVAILABILITY = YES_AGGRESSIVE;
				CLANG_WARN_UNREACHABLE_CODE = YES;
				CLANG_WARN__DUPLICATE_METHOD_MATCH = YES;
				COPY_PHASE_STRIP = NO;
				DEBUG_INFORMATION_FORMAT = "dwarf-with-dsym";
				ENABLE_NS_ASSERTIONS = NO;
				ENABLE_STRICT_OBJC_MSGSEND = YES;
				ENABLE_USER_SCRIPT_SANDBOXING = YES;
				GCC_C_LANGUAGE_STANDARD = gnu17;
				GCC_NO_COMMON_BLOCKS = YES;
				GCC_WARN_64_TO_32_BIT_CONVERSION = YES;
				GCC_WARN_ABOUT_RETURN_TYPE = YES_ERROR;
				GCC_WARN_UNDECLARED_SELECTOR = YES;
				GCC_WARN_UNINITIALIZED_AUTOS = YES_AGGRESSIVE;
				GCC_WARN_UNUSED_FUNCTION = YES;
				GCC_WARN_UNUSED_VARIABLE = YES;
				IPHONEOS_DEPLOYMENT_TARGET = 17.5;
				LOCALIZATION_PREFERS_STRING_CATALOGS = YES;
				MTL_ENABLE_DEBUG_INFO = NO;
				MTL_FAST_MATH = YES;
				SDKROOT = iphoneos;
				SWIFT_COMPILATION_MODE = wholemodule;
				VALIDATE_PRODUCT = YES;
			};
			name = Release;
		};
		1995CFD02CDA8A560060D906 /* Debug */ = {
			isa = XCBuildConfiguration;
			buildSettings = {
				ASSETCATALOG_COMPILER_APPICON_NAME = AppIcon;
				ASSETCATALOG_COMPILER_GLOBAL_ACCENT_COLOR_NAME = AccentColor;
				CODE_SIGN_STYLE = Automatic;
				CURRENT_PROJECT_VERSION = 1;
				GENERATE_INFOPLIST_FILE = YES;
				INFOPLIST_FILE = FavoriteMoviesSimpleApp/Info.plist;
				INFOPLIST_KEY_UIApplicationSupportsIndirectInputEvents = YES;
				INFOPLIST_KEY_UILaunchStoryboardName = LaunchScreen;
				INFOPLIST_KEY_UIMainStoryboardFile = Main;
				INFOPLIST_KEY_UISupportedInterfaceOrientations_iPad = "UIInterfaceOrientationPortrait UIInterfaceOrientationPortraitUpsideDown UIInterfaceOrientationLandscapeLeft UIInterfaceOrientationLandscapeRight";
				INFOPLIST_KEY_UISupportedInterfaceOrientations_iPhone = "UIInterfaceOrientationPortrait UIInterfaceOrientationLandscapeLeft UIInterfaceOrientationLandscapeRight";
				LD_RUNPATH_SEARCH_PATHS = (
					"$(inherited)",
					"@executable_path/Frameworks",
				);
				MARKETING_VERSION = 1.0;
				PRODUCT_BUNDLE_IDENTIFIER = beginerProject.FavoriteMoviesSimpleApp;
				PRODUCT_NAME = "$(TARGET_NAME)";
				SWIFT_EMIT_LOC_STRINGS = YES;
				SWIFT_VERSION = 5.0;
				TARGETED_DEVICE_FAMILY = "1,2";
			};
			name = Debug;
		};
		1995CFD12CDA8A560060D906 /* Release */ = {
			isa = XCBuildConfiguration;
			buildSettings = {
				ASSETCATALOG_COMPILER_APPICON_NAME = AppIcon;
				ASSETCATALOG_COMPILER_GLOBAL_ACCENT_COLOR_NAME = AccentColor;
				CODE_SIGN_STYLE = Automatic;
				CURRENT_PROJECT_VERSION = 1;
				GENERATE_INFOPLIST_FILE = YES;
				INFOPLIST_FILE = FavoriteMoviesSimpleApp/Info.plist;
				INFOPLIST_KEY_UIApplicationSupportsIndirectInputEvents = YES;
				INFOPLIST_KEY_UILaunchStoryboardName = LaunchScreen;
				INFOPLIST_KEY_UIMainStoryboardFile = Main;
				INFOPLIST_KEY_UISupportedInterfaceOrientations_iPad = "UIInterfaceOrientationPortrait UIInterfaceOrientationPortraitUpsideDown UIInterfaceOrientationLandscapeLeft UIInterfaceOrientationLandscapeRight";
				INFOPLIST_KEY_UISupportedInterfaceOrientations_iPhone = "UIInterfaceOrientationPortrait UIInterfaceOrientationLandscapeLeft UIInterfaceOrientationLandscapeRight";
				LD_RUNPATH_SEARCH_PATHS = (
					"$(inherited)",
					"@executable_path/Frameworks",
				);
				MARKETING_VERSION = 1.0;
				PRODUCT_BUNDLE_IDENTIFIER = beginerProject.FavoriteMoviesSimpleApp;
				PRODUCT_NAME = "$(TARGET_NAME)";
				SWIFT_EMIT_LOC_STRINGS = YES;
				SWIFT_VERSION = 5.0;
				TARGETED_DEVICE_FAMILY = "1,2";
			};
			name = Release;
		};
/* End XCBuildConfiguration section */

/* Begin XCConfigurationList section */
		1995CFB62CDA8A540060D906 /* Build configuration list for PBXProject "FavoriteMoviesSimpleApp" */ = {
			isa = XCConfigurationList;
			buildConfigurations = (
				1995CFCD2CDA8A560060D906 /* Debug */,
				1995CFCE2CDA8A560060D906 /* Release */,
			);
			defaultConfigurationIsVisible = 0;
			defaultConfigurationName = Release;
		};
		1995CFCF2CDA8A560060D906 /* Build configuration list for PBXNativeTarget "FavoriteMoviesSimpleApp" */ = {
			isa = XCConfigurationList;
			buildConfigurations = (
				1995CFD02CDA8A560060D906 /* Debug */,
				1995CFD12CDA8A560060D906 /* Release */,
			);
			defaultConfigurationIsVisible = 0;
			defaultConfigurationName = Release;
		};
/* End XCConfigurationList section */
	};
	rootObject = 1995CFB32CDA8A540060D906 /* Project object */;
}
